
Microsoft Visual Studio Solution File, Format Version 12.00
# Visual Studio Version 17
VisualStudioVersion = 17.4.33103.184
MinimumVisualStudioVersion = 10.0.40219.1
Project("{FAE04EC0-301F-11D3-BF4B-00C04F79EFBC}") = "WindowsFormsApp1", "WindowsFormsApp1\WindowsFormsApp1.csproj", "{7206C070-4E1D-4880-99F4-2D9A8A267041}"
EndProject
Global
	GlobalSection(SolutionConfigurationPlatforms) = preSolution
		Debug|Any CPU = Debug|Any CPU
		Release|Any CPU = Release|Any CPU
	EndGlobalSection
	GlobalSection(ProjectConfigurationPlatforms) = postSolution
		{7206C070-4E1D-4880-99F4-2D9A8A267041}.Debug|Any CPU.ActiveCfg = Debug|Any CPU
		{7206C070-4E1D-4880-99F4-2D9A8A267041}.Debug|Any CPU.Build.0 = Debug|Any CPU
		{7206C070-4E1D-4880-99F4-2D9A8A267041}.Release|Any CPU.ActiveCfg = Release|Any CPU
		{7206C070-4E1D-4880-99F4-2D9A8A267041}.Release|Any CPU.Build.0 = Release|Any CPU
	EndGlobalSection
	GlobalSection(SolutionProperties) = preSolution
		HideSolutionNode = FALSE
	EndGlobalSection
	GlobalSection(ExtensibilityGlobals) = postSolution
		SolutionGuid = {7D9F65A8-CA05-4DD2-B88F-605FEEDA7D4D}
	EndGlobalSection
EndGlobal
